
Microsoft Visual Studio Solution File, Format Version 12.00
# Visual Studio Version 17
VisualStudioVersion = 17.9.34723.18
MinimumVisualStudioVersion = 10.0.40219.1
Project("{FAE04EC0-301F-11D3-BF4B-00C04F79EFBC}") = "SyntaxChecker", "SyntaxChecker\SyntaxChecker.csproj", "{3BD9A5BB-44C3-42CE-B53F-A11348EBBE19}"
EndProject
Global
	GlobalSection(SolutionConfigurationPlatforms) = preSolution
		Debug|Any CPU = Debug|Any CPU
		Release|Any CPU = Release|Any CPU
	EndGlobalSection
	GlobalSection(ProjectConfigurationPlatforms) = postSolution
		{3BD9A5BB-44C3-42CE-B53F-A11348EBBE19}.Debug|Any CPU.ActiveCfg = Debug|Any CPU
		{3BD9A5BB-44C3-42CE-B53F-A11348EBBE19}.Debug|Any CPU.Build.0 = Debug|Any CPU
		{3BD9A5BB-44C3-42CE-B53F-A11348EBBE19}.Release|Any CPU.ActiveCfg = Release|Any CPU
		{3BD9A5BB-44C3-42CE-B53F-A11348EBBE19}.Release|Any CPU.Build.0 = Release|Any CPU
	EndGlobalSection
	GlobalSection(SolutionProperties) = preSolution
		HideSolutionNode = FALSE
	EndGlobalSection
	GlobalSection(ExtensibilityGlobals) = postSolution
		SolutionGuid = {A4FFF8B6-0C92-443A-86FB-BE8744BFAE4A}
	EndGlobalSection
EndGlobal
