
Microsoft Visual Studio Solution File, Format Version 12.00
# Visual Studio Version 17
VisualStudioVersion = 17.9.34723.18
MinimumVisualStudioVersion = 10.0.40219.1
Project("{FAE04EC0-301F-11D3-BF4B-00C04F79EFBC}") = "SocialNetwork", "SocialNetwork\SocialNetwork.csproj", "{47BB54DE-5291-4B74-921E-DA1A07412BBC}"
EndProject
Global
	GlobalSection(SolutionConfigurationPlatforms) = preSolution
		Debug|Any CPU = Debug|Any CPU
		Release|Any CPU = Release|Any CPU
	EndGlobalSection
	GlobalSection(ProjectConfigurationPlatforms) = postSolution
		{47BB54DE-5291-4B74-921E-DA1A07412BBC}.Debug|Any CPU.ActiveCfg = Debug|Any CPU
		{47BB54DE-5291-4B74-921E-DA1A07412BBC}.Debug|Any CPU.Build.0 = Debug|Any CPU
		{47BB54DE-5291-4B74-921E-DA1A07412BBC}.Release|Any CPU.ActiveCfg = Release|Any CPU
		{47BB54DE-5291-4B74-921E-DA1A07412BBC}.Release|Any CPU.Build.0 = Release|Any CPU
	EndGlobalSection
	GlobalSection(SolutionProperties) = preSolution
		HideSolutionNode = FALSE
	EndGlobalSection
	GlobalSection(ExtensibilityGlobals) = postSolution
		SolutionGuid = {5A22FC95-D967-4F65-B1AD-D9C06D7B13DD}
	EndGlobalSection
EndGlobal
