
Microsoft Visual Studio Solution File, Format Version 12.00
# Visual Studio Version 17
VisualStudioVersion = 17.9.34723.18
MinimumVisualStudioVersion = 10.0.40219.1
Project("{FAE04EC0-301F-11D3-BF4B-00C04F79EFBC}") = "Songs", "Songs\Songs.csproj", "{A97EB875-1076-4690-B933-75864129467E}"
EndProject
Global
	GlobalSection(SolutionConfigurationPlatforms) = preSolution
		Debug|Any CPU = Debug|Any CPU
		Release|Any CPU = Release|Any CPU
	EndGlobalSection
	GlobalSection(ProjectConfigurationPlatforms) = postSolution
		{A97EB875-1076-4690-B933-75864129467E}.Debug|Any CPU.ActiveCfg = Debug|Any CPU
		{A97EB875-1076-4690-B933-75864129467E}.Debug|Any CPU.Build.0 = Debug|Any CPU
		{A97EB875-1076-4690-B933-75864129467E}.Release|Any CPU.ActiveCfg = Release|Any CPU
		{A97EB875-1076-4690-B933-75864129467E}.Release|Any CPU.Build.0 = Release|Any CPU
	EndGlobalSection
	GlobalSection(SolutionProperties) = preSolution
		HideSolutionNode = FALSE
	EndGlobalSection
	GlobalSection(ExtensibilityGlobals) = postSolution
		SolutionGuid = {B00AEB06-BA6C-4F6D-B208-606B687C8258}
	EndGlobalSection
EndGlobal
