
Microsoft Visual Studio Solution File, Format Version 12.00
# Visual Studio Version 17
VisualStudioVersion = 17.8.34525.116
MinimumVisualStudioVersion = 10.0.40219.1
Project("{FAE04EC0-301F-11D3-BF4B-00C04F79EFBC}") = "ContactList", "ContactList\ContactList.csproj", "{5F9AE183-4312-4E89-A34F-441C9D8566A7}"
EndProject
Global
	GlobalSection(SolutionConfigurationPlatforms) = preSolution
		Debug|Any CPU = Debug|Any CPU
		Release|Any CPU = Release|Any CPU
	EndGlobalSection
	GlobalSection(ProjectConfigurationPlatforms) = postSolution
		{5F9AE183-4312-4E89-A34F-441C9D8566A7}.Debug|Any CPU.ActiveCfg = Debug|Any CPU
		{5F9AE183-4312-4E89-A34F-441C9D8566A7}.Debug|Any CPU.Build.0 = Debug|Any CPU
		{5F9AE183-4312-4E89-A34F-441C9D8566A7}.Release|Any CPU.ActiveCfg = Release|Any CPU
		{5F9AE183-4312-4E89-A34F-441C9D8566A7}.Release|Any CPU.Build.0 = Release|Any CPU
	EndGlobalSection
	GlobalSection(SolutionProperties) = preSolution
		HideSolutionNode = FALSE
	EndGlobalSection
	GlobalSection(ExtensibilityGlobals) = postSolution
		SolutionGuid = {9CE987E1-15B2-463A-A3CF-039E58112F31}
	EndGlobalSection
EndGlobal
